// !$*UTF8*$!
{
	archiveVersion = 1;
	classes = {
	};
	objectVersion = 56;
	objects = {

/* Begin PBXBuildFile section */
		09AA072A2AE459BE008559C6 /* SavedLocationViewModel.swift in Sources */ = {isa = PBXBuildFile; fileRef = 09AA07292AE459BE008559C6 /* SavedLocationViewModel.swift */; };
		09AA072C2AE45A78008559C6 /* QuickConvertView.swift in Sources */ = {isa = PBXBuildFile; fileRef = 09AA072B2AE45A78008559C6 /* QuickConvertView.swift */; };
		09AA072E2AE45A9F008559C6 /* NewLocationView.swift in Sources */ = {isa = PBXBuildFile; fileRef = 09AA072D2AE45A9F008559C6 /* NewLocationView.swift */; };
		09AA07302AE45D5A008559C6 /* SavedLocation.swift in Sources */ = {isa = PBXBuildFile; fileRef = 09AA072F2AE45D5A008559C6 /* SavedLocation.swift */; };
		09AA07342AE46402008559C6 /* DataManager.swift in Sources */ = {isa = PBXBuildFile; fileRef = 09AA07332AE46402008559C6 /* DataManager.swift */; };
		09AA07372AE6BA54008559C6 /* Collections in Frameworks */ = {isa = PBXBuildFile; productRef = 09AA07362AE6BA54008559C6 /* Collections */; };
		09AA07392AE6BA54008559C6 /* DequeModule in Frameworks */ = {isa = PBXBuildFile; productRef = 09AA07382AE6BA54008559C6 /* DequeModule */; };
		09AA073B2AE6BA54008559C6 /* OrderedCollections in Frameworks */ = {isa = PBXBuildFile; productRef = 09AA073A2AE6BA54008559C6 /* OrderedCollections */; };
		09B92C662AE311A800E33ADB /* SavedLocationsView.swift in Sources */ = {isa = PBXBuildFile; fileRef = 09B92C652AE311A800E33ADB /* SavedLocationsView.swift */; };
		09B92C682AE3153500E33ADB /* SavedLocationDetailView.swift in Sources */ = {isa = PBXBuildFile; fileRef = 09B92C672AE3153500E33ADB /* SavedLocationDetailView.swift */; };
		120C5ACF2AE172C7000E59CB /* ClassProjectApp.swift in Sources */ = {isa = PBXBuildFile; fileRef = 120C5ACE2AE172C7000E59CB /* ClassProjectApp.swift */; };
		120C5AD12AE172C7000E59CB /* ContentView.swift in Sources */ = {isa = PBXBuildFile; fileRef = 120C5AD02AE172C7000E59CB /* ContentView.swift */; };
		120C5AD32AE172CC000E59CB /* Assets.xcassets in Resources */ = {isa = PBXBuildFile; fileRef = 120C5AD22AE172CC000E59CB /* Assets.xcassets */; };
		120C5AD62AE172CC000E59CB /* Preview Assets.xcassets in Resources */ = {isa = PBXBuildFile; fileRef = 120C5AD52AE172CC000E59CB /* Preview Assets.xcassets */; };
		120C5AD82AE172CC000E59CB /* Persistence.swift in Sources */ = {isa = PBXBuildFile; fileRef = 120C5AD72AE172CC000E59CB /* Persistence.swift */; };
		120C5ADB2AE172CD000E59CB /* ClassProject.xcdatamodeld in Sources */ = {isa = PBXBuildFile; fileRef = 120C5AD92AE172CC000E59CB /* ClassProject.xcdatamodeld */; };
/* End PBXBuildFile section */

/* Begin PBXFileReference section */
		09AA07292AE459BE008559C6 /* SavedLocationViewModel.swift */ = {isa = PBXFileReference; lastKnownFileType = sourcecode.swift; path = SavedLocationViewModel.swift; sourceTree = "<group>"; };
		09AA072B2AE45A78008559C6 /* QuickConvertView.swift */ = {isa = PBXFileReference; lastKnownFileType = sourcecode.swift; path = QuickConvertView.swift; sourceTree = "<group>"; };
		09AA072D2AE45A9F008559C6 /* NewLocationView.swift */ = {isa = PBXFileReference; lastKnownFileType = sourcecode.swift; path = NewLocationView.swift; sourceTree = "<group>"; };
		09AA072F2AE45D5A008559C6 /* SavedLocation.swift */ = {isa = PBXFileReference; lastKnownFileType = sourcecode.swift; path = SavedLocation.swift; sourceTree = "<group>"; };
		09AA07332AE46402008559C6 /* DataManager.swift */ = {isa = PBXFileReference; lastKnownFileType = sourcecode.swift; path = DataManager.swift; sourceTree = "<group>"; };
		09B92C652AE311A800E33ADB /* SavedLocationsView.swift */ = {isa = PBXFileReference; lastKnownFileType = sourcecode.swift; path = SavedLocationsView.swift; sourceTree = "<group>"; };
		09B92C672AE3153500E33ADB /* SavedLocationDetailView.swift */ = {isa = PBXFileReference; lastKnownFileType = sourcecode.swift; path = SavedLocationDetailView.swift; sourceTree = "<group>"; };
		120C5ACB2AE172C6000E59CB /* ClassProject.app */ = {isa = PBXFileReference; explicitFileType = wrapper.application; includeInIndex = 0; path = ClassProject.app; sourceTree = BUILT_PRODUCTS_DIR; };
		120C5ACE2AE172C7000E59CB /* ClassProjectApp.swift */ = {isa = PBXFileReference; lastKnownFileType = sourcecode.swift; path = ClassProjectApp.swift; sourceTree = "<group>"; };
		120C5AD02AE172C7000E59CB /* ContentView.swift */ = {isa = PBXFileReference; lastKnownFileType = sourcecode.swift; path = ContentView.swift; sourceTree = "<group>"; };
		120C5AD22AE172CC000E59CB /* Assets.xcassets */ = {isa = PBXFileReference; lastKnownFileType = folder.assetcatalog; path = Assets.xcassets; sourceTree = "<group>"; };
		120C5AD52AE172CC000E59CB /* Preview Assets.xcassets */ = {isa = PBXFileReference; lastKnownFileType = folder.assetcatalog; path = "Preview Assets.xcassets"; sourceTree = "<group>"; };
		120C5AD72AE172CC000E59CB /* Persistence.swift */ = {isa = PBXFileReference; lastKnownFileType = sourcecode.swift; path = Persistence.swift; sourceTree = "<group>"; };
		120C5ADA2AE172CC000E59CB /* ClassProject.xcdatamodel */ = {isa = PBXFileReference; lastKnownFileType = wrapper.xcdatamodel; path = ClassProject.xcdatamodel; sourceTree = "<group>"; };
/* End PBXFileReference section */

/* Begin PBXFrameworksBuildPhase section */
		120C5AC82AE172C6000E59CB /* Frameworks */ = {
			isa = PBXFrameworksBuildPhase;
			buildActionMask = 2147483647;
			files = (
				09AA07372AE6BA54008559C6 /* Collections in Frameworks */,
				09AA07392AE6BA54008559C6 /* DequeModule in Frameworks */,
				09AA073B2AE6BA54008559C6 /* OrderedCollections in Frameworks */,
			);
			runOnlyForDeploymentPostprocessing = 0;
		};
/* End PBXFrameworksBuildPhase section */

/* Begin PBXGroup section */
		120C5AC22AE172C6000E59CB = {
			isa = PBXGroup;
			children = (
				120C5ACD2AE172C7000E59CB /* ClassProject */,
				120C5ACC2AE172C6000E59CB /* Products */,
			);
			sourceTree = "<group>";
		};
		120C5ACC2AE172C6000E59CB /* Products */ = {
			isa = PBXGroup;
			children = (
				120C5ACB2AE172C6000E59CB /* ClassProject.app */,
			);
			name = Products;
			sourceTree = "<group>";
		};
		120C5ACD2AE172C7000E59CB /* ClassProject */ = {
			isa = PBXGroup;
			children = (
				120C5ACE2AE172C7000E59CB /* ClassProjectApp.swift */,
				120C5AD02AE172C7000E59CB /* ContentView.swift */,
				09B92C652AE311A800E33ADB /* SavedLocationsView.swift */,
				120C5AD22AE172CC000E59CB /* Assets.xcassets */,
				120C5AD72AE172CC000E59CB /* Persistence.swift */,
				120C5AD92AE172CC000E59CB /* ClassProject.xcdatamodeld */,
				120C5AD42AE172CC000E59CB /* Preview Content */,
				09B92C672AE3153500E33ADB /* SavedLocationDetailView.swift */,
				09AA07292AE459BE008559C6 /* SavedLocationViewModel.swift */,
				09AA072B2AE45A78008559C6 /* QuickConvertView.swift */,
				09AA072D2AE45A9F008559C6 /* NewLocationView.swift */,
				09AA072F2AE45D5A008559C6 /* SavedLocation.swift */,
				09AA07332AE46402008559C6 /* DataManager.swift */,
			);
			path = ClassProject;
			sourceTree = "<group>";
		};
		120C5AD42AE172CC000E59CB /* Preview Content */ = {
			isa = PBXGroup;
			children = (
				120C5AD52AE172CC000E59CB /* Preview Assets.xcassets */,
			);
			path = "Preview Content";
			sourceTree = "<group>";
		};
/* End PBXGroup section */

/* Begin PBXNativeTarget section */
		120C5ACA2AE172C6000E59CB /* ClassProject */ = {
			isa = PBXNativeTarget;
			buildConfigurationList = 120C5ADE2AE172CD000E59CB /* Build configuration list for PBXNativeTarget "ClassProject" */;
			buildPhases = (
				120C5AC72AE172C6000E59CB /* Sources */,
				120C5AC82AE172C6000E59CB /* Frameworks */,
				120C5AC92AE172C6000E59CB /* Resources */,
			);
			buildRules = (
			);
			dependencies = (
			);
			name = ClassProject;
			packageProductDependencies = (
				09AA07362AE6BA54008559C6 /* Collections */,
				09AA07382AE6BA54008559C6 /* DequeModule */,
				09AA073A2AE6BA54008559C6 /* OrderedCollections */,
			);
			productName = ClassProject;
			productReference = 120C5ACB2AE172C6000E59CB /* ClassProject.app */;
			productType = "com.apple.product-type.application";
		};
/* End PBXNativeTarget section */

/* Begin PBXProject section */
		120C5AC32AE172C6000E59CB /* Project object */ = {
			isa = PBXProject;
			attributes = {
				BuildIndependentTargetsInParallel = 1;
				LastSwiftUpdateCheck = 1420;
				LastUpgradeCheck = 1500;
				TargetAttributes = {
					120C5ACA2AE172C6000E59CB = {
						CreatedOnToolsVersion = 14.2;
					};
				};
			};
			buildConfigurationList = 120C5AC62AE172C6000E59CB /* Build configuration list for PBXProject "ClassProject" */;
			compatibilityVersion = "Xcode 14.0";
			developmentRegion = en;
			hasScannedForEncodings = 0;
			knownRegions = (
				en,
				Base,
			);
			mainGroup = 120C5AC22AE172C6000E59CB;
			packageReferences = (
				09AA07352AE6BA54008559C6 /* XCRemoteSwiftPackageReference "swift-collections" */,
			);
			productRefGroup = 120C5ACC2AE172C6000E59CB /* Products */;
			projectDirPath = "";
			projectRoot = "";
			targets = (
				120C5ACA2AE172C6000E59CB /* ClassProject */,
			);
		};
/* End PBXProject section */

/* Begin PBXResourcesBuildPhase section */
		120C5AC92AE172C6000E59CB /* Resources */ = {
			isa = PBXResourcesBuildPhase;
			buildActionMask = 2147483647;
			files = (
				120C5AD62AE172CC000E59CB /* Preview Assets.xcassets in Resources */,
				120C5AD32AE172CC000E59CB /* Assets.xcassets in Resources */,
			);
			runOnlyForDeploymentPostprocessing = 0;
		};
/* End PBXResourcesBuildPhase section */

/* Begin PBXSourcesBuildPhase section */
		120C5AC72AE172C6000E59CB /* Sources */ = {
			isa = PBXSourcesBuildPhase;
			buildActionMask = 2147483647;
			files = (
				120C5AD82AE172CC000E59CB /* Persistence.swift in Sources */,
				09AA07342AE46402008559C6 /* DataManager.swift in Sources */,
				09B92C662AE311A800E33ADB /* SavedLocationsView.swift in Sources */,
				09AA072C2AE45A78008559C6 /* QuickConvertView.swift in Sources */,
				120C5AD12AE172C7000E59CB /* ContentView.swift in Sources */,
				120C5ADB2AE172CD000E59CB /* ClassProject.xcdatamodeld in Sources */,
				09B92C682AE3153500E33ADB /* SavedLocationDetailView.swift in Sources */,
				09AA07302AE45D5A008559C6 /* SavedLocation.swift in Sources */,
				120C5ACF2AE172C7000E59CB /* ClassProjectApp.swift in Sources */,
				09AA072A2AE459BE008559C6 /* SavedLocationViewModel.swift in Sources */,
				09AA072E2AE45A9F008559C6 /* NewLocationView.swift in Sources */,
			);
			runOnlyForDeploymentPostprocessing = 0;
		};
/* End PBXSourcesBuildPhase section */

/* Begin XCBuildConfiguration section */
		120C5ADC2AE172CD000E59CB /* Debug */ = {
			isa = XCBuildConfiguration;
			buildSettings = {
				ALWAYS_SEARCH_USER_PATHS = NO;
				CLANG_ANALYZER_NONNULL = YES;
				CLANG_ANALYZER_NUMBER_OBJECT_CONVERSION = YES_AGGRESSIVE;
				CLANG_CXX_LANGUAGE_STANDARD = "gnu++20";
				CLANG_ENABLE_MODULES = YES;
				CLANG_ENABLE_OBJC_ARC = YES;
				CLANG_ENABLE_OBJC_WEAK = YES;
				CLANG_WARN_BLOCK_CAPTURE_AUTORELEASING = YES;
				CLANG_WARN_BOOL_CONVERSION = YES;
				CLANG_WARN_COMMA = YES;
				CLANG_WARN_CONSTANT_CONVERSION = YES;
				CLANG_WARN_DEPRECATED_OBJC_IMPLEMENTATIONS = YES;
				CLANG_WARN_DIRECT_OBJC_ISA_USAGE = YES_ERROR;
				CLANG_WARN_DOCUMENTATION_COMMENTS = YES;
				CLANG_WARN_EMPTY_BODY = YES;
				CLANG_WARN_ENUM_CONVERSION = YES;
				CLANG_WARN_INFINITE_RECURSION = YES;
				CLANG_WARN_INT_CONVERSION = YES;
				CLANG_WARN_NON_LITERAL_NULL_CONVERSION = YES;
				CLANG_WARN_OBJC_IMPLICIT_RETAIN_SELF = YES;
				CLANG_WARN_OBJC_LITERAL_CONVERSION = YES;
				CLANG_WARN_OBJC_ROOT_CLASS = YES_ERROR;
				CLANG_WARN_QUOTED_INCLUDE_IN_FRAMEWORK_HEADER = YES;
				CLANG_WARN_RANGE_LOOP_ANALYSIS = YES;
				CLANG_WARN_STRICT_PROTOTYPES = YES;
				CLANG_WARN_SUSPICIOUS_MOVE = YES;
				CLANG_WARN_UNGUARDED_AVAILABILITY = YES_AGGRESSIVE;
				CLANG_WARN_UNREACHABLE_CODE = YES;
				CLANG_WARN__DUPLICATE_METHOD_MATCH = YES;
				COPY_PHASE_STRIP = NO;
				DEBUG_INFORMATION_FORMAT = dwarf;
				ENABLE_STRICT_OBJC_MSGSEND = YES;
				ENABLE_TESTABILITY = YES;
				ENABLE_USER_SCRIPT_SANDBOXING = YES;
				GCC_C_LANGUAGE_STANDARD = gnu11;
				GCC_DYNAMIC_NO_PIC = NO;
				GCC_NO_COMMON_BLOCKS = YES;
				GCC_OPTIMIZATION_LEVEL = 0;
				GCC_PREPROCESSOR_DEFINITIONS = (
					"DEBUG=1",
					"$(inherited)",
				);
				GCC_WARN_64_TO_32_BIT_CONVERSION = YES;
				GCC_WARN_ABOUT_RETURN_TYPE = YES_ERROR;
				GCC_WARN_UNDECLARED_SELECTOR = YES;
				GCC_WARN_UNINITIALIZED_AUTOS = YES_AGGRESSIVE;
				GCC_WARN_UNUSED_FUNCTION = YES;
				GCC_WARN_UNUSED_VARIABLE = YES;
				IPHONEOS_DEPLOYMENT_TARGET = 16.2;
				MTL_ENABLE_DEBUG_INFO = INCLUDE_SOURCE;
				MTL_FAST_MATH = YES;
				ONLY_ACTIVE_ARCH = YES;
				SDKROOT = iphoneos;
				SWIFT_ACTIVE_COMPILATION_CONDITIONS = DEBUG;
				SWIFT_OPTIMIZATION_LEVEL = "-Onone";
			};
			name = Debug;
		};
		120C5ADD2AE172CD000E59CB /* Release */ = {
			isa = XCBuildConfiguration;
			buildSettings = {
				ALWAYS_SEARCH_USER_PATHS = NO;
				CLANG_ANALYZER_NONNULL = YES;
				CLANG_ANALYZER_NUMBER_OBJECT_CONVERSION = YES_AGGRESSIVE;
				CLANG_CXX_LANGUAGE_STANDARD = "gnu++20";
				CLANG_ENABLE_MODULES = YES;
				CLANG_ENABLE_OBJC_ARC = YES;
				CLANG_ENABLE_OBJC_WEAK = YES;
				CLANG_WARN_BLOCK_CAPTURE_AUTORELEASING = YES;
				CLANG_WARN_BOOL_CONVERSION = YES;
				CLANG_WARN_COMMA = YES;
				CLANG_WARN_CONSTANT_CONVERSION = YES;
				CLANG_WARN_DEPRECATED_OBJC_IMPLEMENTATIONS = YES;
				CLANG_WARN_DIRECT_OBJC_ISA_USAGE = YES_ERROR;
				CLANG_WARN_DOCUMENTATION_COMMENTS = YES;
				CLANG_WARN_EMPTY_BODY = YES;
				CLANG_WARN_ENUM_CONVERSION = YES;
				CLANG_WARN_INFINITE_RECURSION = YES;
				CLANG_WARN_INT_CONVERSION = YES;
				CLANG_WARN_NON_LITERAL_NULL_CONVERSION = YES;
				CLANG_WARN_OBJC_IMPLICIT_RETAIN_SELF = YES;
				CLANG_WARN_OBJC_LITERAL_CONVERSION = YES;
				CLANG_WARN_OBJC_ROOT_CLASS = YES_ERROR;
				CLANG_WARN_QUOTED_INCLUDE_IN_FRAMEWORK_HEADER = YES;
				CLANG_WARN_RANGE_LOOP_ANALYSIS = YES;
				CLANG_WARN_STRICT_PROTOTYPES = YES;
				CLANG_WARN_SUSPICIOUS_MOVE = YES;
				CLANG_WARN_UNGUARDED_AVAILABILITY = YES_AGGRESSIVE;
				CLANG_WARN_UNREACHABLE_CODE = YES;
				CLANG_WARN__DUPLICATE_METHOD_MATCH = YES;
				COPY_PHASE_STRIP = NO;
				DEBUG_INFORMATION_FORMAT = "dwarf-with-dsym";
				ENABLE_NS_ASSERTIONS = NO;
				ENABLE_STRICT_OBJC_MSGSEND = YES;
				ENABLE_USER_SCRIPT_SANDBOXING = YES;
				GCC_C_LANGUAGE_STANDARD = gnu11;
				GCC_NO_COMMON_BLOCKS = YES;
				GCC_WARN_64_TO_32_BIT_CONVERSION = YES;
				GCC_WARN_ABOUT_RETURN_TYPE = YES_ERROR;
				GCC_WARN_UNDECLARED_SELECTOR = YES;
				GCC_WARN_UNINITIALIZED_AUTOS = YES_AGGRESSIVE;
				GCC_WARN_UNUSED_FUNCTION = YES;
				GCC_WARN_UNUSED_VARIABLE = YES;
				IPHONEOS_DEPLOYMENT_TARGET = 16.2;
				MTL_ENABLE_DEBUG_INFO = NO;
				MTL_FAST_MATH = YES;
				SDKROOT = iphoneos;
				SWIFT_COMPILATION_MODE = wholemodule;
				SWIFT_OPTIMIZATION_LEVEL = "-O";
				VALIDATE_PRODUCT = YES;
			};
			name = Release;
		};
		120C5ADF2AE172CD000E59CB /* Debug */ = {
			isa = XCBuildConfiguration;
			buildSettings = {
				ASSETCATALOG_COMPILER_APPICON_NAME = AppIcon;
				ASSETCATALOG_COMPILER_GLOBAL_ACCENT_COLOR_NAME = AccentColor;
				CODE_SIGN_STYLE = Automatic;
				CURRENT_PROJECT_VERSION = 1;
				DEVELOPMENT_ASSET_PATHS = "\"ClassProject/Preview Content\"";
				DEVELOPMENT_TEAM = 4H5J6UX539;
				ENABLE_PREVIEWS = YES;
				GENERATE_INFOPLIST_FILE = YES;
				INFOPLIST_KEY_UIApplicationSceneManifest_Generation = YES;
				INFOPLIST_KEY_UIApplicationSupportsIndirectInputEvents = YES;
				INFOPLIST_KEY_UILaunchScreen_Generation = YES;
				INFOPLIST_KEY_UISupportedInterfaceOrientations_iPad = "UIInterfaceOrientationPortrait UIInterfaceOrientationPortraitUpsideDown UIInterfaceOrientationLandscapeLeft UIInterfaceOrientationLandscapeRight";
				INFOPLIST_KEY_UISupportedInterfaceOrientations_iPhone = "UIInterfaceOrientationPortrait UIInterfaceOrientationLandscapeLeft UIInterfaceOrientationLandscapeRight";
				LD_RUNPATH_SEARCH_PATHS = (
					"$(inherited)",
					"@executable_path/Frameworks",
				);
				MARKETING_VERSION = 1.0;
				PRODUCT_BUNDLE_IDENTIFIER = "cse335-1210827004.ClassProject";
				PRODUCT_NAME = "$(TARGET_NAME)";
				SWIFT_EMIT_LOC_STRINGS = YES;
				SWIFT_VERSION = 5.0;
				TARGETED_DEVICE_FAMILY = "1,2";
			};
			name = Debug;
		};
		120C5AE02AE172CD000E59CB /* Release */ = {
			isa = XCBuildConfiguration;
			buildSettings = {
				ASSETCATALOG_COMPILER_APPICON_NAME = AppIcon;
				ASSETCATALOG_COMPILER_GLOBAL_ACCENT_COLOR_NAME = AccentColor;
				CODE_SIGN_STYLE = Automatic;
				CURRENT_PROJECT_VERSION = 1;
				DEVELOPMENT_ASSET_PATHS = "\"ClassProject/Preview Content\"";
				DEVELOPMENT_TEAM = 4H5J6UX539;
				ENABLE_PREVIEWS = YES;
				GENERATE_INFOPLIST_FILE = YES;
				INFOPLIST_KEY_UIApplicationSceneManifest_Generation = YES;
				INFOPLIST_KEY_UIApplicationSupportsIndirectInputEvents = YES;
				INFOPLIST_KEY_UILaunchScreen_Generation = YES;
				INFOPLIST_KEY_UISupportedInterfaceOrientations_iPad = "UIInterfaceOrientationPortrait UIInterfaceOrientationPortraitUpsideDown UIInterfaceOrientationLandscapeLeft UIInterfaceOrientationLandscapeRight";
				INFOPLIST_KEY_UISupportedInterfaceOrientations_iPhone = "UIInterfaceOrientationPortrait UIInterfaceOrientationLandscapeLeft UIInterfaceOrientationLandscapeRight";
				LD_RUNPATH_SEARCH_PATHS = (
					"$(inherited)",
					"@executable_path/Frameworks",
				);
				MARKETING_VERSION = 1.0;
				PRODUCT_BUNDLE_IDENTIFIER = "cse335-1210827004.ClassProject";
				PRODUCT_NAME = "$(TARGET_NAME)";
				SWIFT_EMIT_LOC_STRINGS = YES;
				SWIFT_VERSION = 5.0;
				TARGETED_DEVICE_FAMILY = "1,2";
			};
			name = Release;
		};
/* End XCBuildConfiguration section */

/* Begin XCConfigurationList section */
		120C5AC62AE172C6000E59CB /* Build configuration list for PBXProject "ClassProject" */ = {
			isa = XCConfigurationList;
			buildConfigurations = (
				120C5ADC2AE172CD000E59CB /* Debug */,
				120C5ADD2AE172CD000E59CB /* Release */,
			);
			defaultConfigurationIsVisible = 0;
			defaultConfigurationName = Release;
		};
		120C5ADE2AE172CD000E59CB /* Build configuration list for PBXNativeTarget "ClassProject" */ = {
			isa = XCConfigurationList;
			buildConfigurations = (
				120C5ADF2AE172CD000E59CB /* Debug */,
				120C5AE02AE172CD000E59CB /* Release */,
			);
			defaultConfigurationIsVisible = 0;
			defaultConfigurationName = Release;
		};
/* End XCConfigurationList section */

/* Begin XCRemoteSwiftPackageReference section */
		09AA07352AE6BA54008559C6 /* XCRemoteSwiftPackageReference "swift-collections" */ = {
			isa = XCRemoteSwiftPackageReference;
			repositoryURL = "https://github.com/apple/swift-collections.git";
			requirement = {
				kind = upToNextMajorVersion;
				minimumVersion = 1.0.5;
			};
		};
/* End XCRemoteSwiftPackageReference section */

/* Begin XCSwiftPackageProductDependency section */
		09AA07362AE6BA54008559C6 /* Collections */ = {
			isa = XCSwiftPackageProductDependency;
			package = 09AA07352AE6BA54008559C6 /* XCRemoteSwiftPackageReference "swift-collections" */;
			productName = Collections;
		};
		09AA07382AE6BA54008559C6 /* DequeModule */ = {
			isa = XCSwiftPackageProductDependency;
			package = 09AA07352AE6BA54008559C6 /* XCRemoteSwiftPackageReference "swift-collections" */;
			productName = DequeModule;
		};
		09AA073A2AE6BA54008559C6 /* OrderedCollections */ = {
			isa = XCSwiftPackageProductDependency;
			package = 09AA07352AE6BA54008559C6 /* XCRemoteSwiftPackageReference "swift-collections" */;
			productName = OrderedCollections;
		};
/* End XCSwiftPackageProductDependency section */

/* Begin XCVersionGroup section */
		120C5AD92AE172CC000E59CB /* ClassProject.xcdatamodeld */ = {
			isa = XCVersionGroup;
			children = (
				120C5ADA2AE172CC000E59CB /* ClassProject.xcdatamodel */,
			);
			currentVersion = 120C5ADA2AE172CC000E59CB /* ClassProject.xcdatamodel */;
			path = ClassProject.xcdatamodeld;
			sourceTree = "<group>";
			versionGroupType = wrapper.xcdatamodel;
		};
/* End XCVersionGroup section */
	};
	rootObject = 120C5AC32AE172C6000E59CB /* Project object */;
}
